
Microsoft Visual Studio Solution File, Format Version 12.00
# Visual Studio Version 16
VisualStudioVersion = 16.0.28803.202
MinimumVisualStudioVersion = 10.0.40219.1
Project("{FAE04EC0-301F-11D3-BF4B-00C04F79EFBC}") = "GoogleCalender.Android", "GoogleCalender\GoogleCalender.Android\GoogleCalender.Android.csproj", "{FC81C3A3-E4FF-4FA3-87F6-D7C5C2C64D77}"
EndProject
Project("{FAE04EC0-301F-11D3-BF4B-00C04F79EFBC}") = "GoogleCalender.iOS", "GoogleCalender\GoogleCalender.iOS\GoogleCalender.iOS.csproj", "{7815B137-B2DF-44B6-B30C-61890BC6E123}"
EndProject
Project("{FAE04EC0-301F-11D3-BF4B-00C04F79EFBC}") = "GoogleCalender", "GoogleCalender\GoogleCalender\GoogleCalender.csproj", "{334AB096-81F2-4FD5-B732-046980C7F938}"
EndProject
Global
	GlobalSection(SolutionConfigurationPlatforms) = preSolution
		Debug|Any CPU = Debug|Any CPU
		Debug|iPhone = Debug|iPhone
		Debug|iPhoneSimulator = Debug|iPhoneSimulator
		Release|Any CPU = Release|Any CPU
		Release|iPhone = Release|iPhone
		Release|iPhoneSimulator = Release|iPhoneSimulator
	EndGlobalSection
	GlobalSection(ProjectConfigurationPlatforms) = postSolution
		{FC81C3A3-E4FF-4FA3-87F6-D7C5C2C64D77}.Debug|Any CPU.ActiveCfg = Debug|Any CPU
		{FC81C3A3-E4FF-4FA3-87F6-D7C5C2C64D77}.Debug|Any CPU.Build.0 = Debug|Any CPU
		{FC81C3A3-E4FF-4FA3-87F6-D7C5C2C64D77}.Debug|Any CPU.Deploy.0 = Debug|Any CPU
		{FC81C3A3-E4FF-4FA3-87F6-D7C5C2C64D77}.Debug|iPhone.ActiveCfg = Debug|Any CPU
		{FC81C3A3-E4FF-4FA3-87F6-D7C5C2C64D77}.Debug|iPhone.Build.0 = Debug|Any CPU
		{FC81C3A3-E4FF-4FA3-87F6-D7C5C2C64D77}.Debug|iPhone.Deploy.0 = Debug|Any CPU
		{FC81C3A3-E4FF-4FA3-87F6-D7C5C2C64D77}.Debug|iPhoneSimulator.ActiveCfg = Debug|Any CPU
		{FC81C3A3-E4FF-4FA3-87F6-D7C5C2C64D77}.Debug|iPhoneSimulator.Build.0 = Debug|Any CPU
		{FC81C3A3-E4FF-4FA3-87F6-D7C5C2C64D77}.Debug|iPhoneSimulator.Deploy.0 = Debug|Any CPU
		{FC81C3A3-E4FF-4FA3-87F6-D7C5C2C64D77}.Release|Any CPU.ActiveCfg = Release|Any CPU
		{FC81C3A3-E4FF-4FA3-87F6-D7C5C2C64D77}.Release|Any CPU.Build.0 = Release|Any CPU
		{FC81C3A3-E4FF-4FA3-87F6-D7C5C2C64D77}.Release|Any CPU.Deploy.0 = Release|Any CPU
		{FC81C3A3-E4FF-4FA3-87F6-D7C5C2C64D77}.Release|iPhone.ActiveCfg = Release|Any CPU
		{FC81C3A3-E4FF-4FA3-87F6-D7C5C2C64D77}.Release|iPhone.Build.0 = Release|Any CPU
		{FC81C3A3-E4FF-4FA3-87F6-D7C5C2C64D77}.Release|iPhone.Deploy.0 = Release|Any CPU
		{FC81C3A3-E4FF-4FA3-87F6-D7C5C2C64D77}.Release|iPhoneSimulator.ActiveCfg = Release|Any CPU
		{FC81C3A3-E4FF-4FA3-87F6-D7C5C2C64D77}.Release|iPhoneSimulator.Build.0 = Release|Any CPU
		{FC81C3A3-E4FF-4FA3-87F6-D7C5C2C64D77}.Release|iPhoneSimulator.Deploy.0 = Release|Any CPU
		{7815B137-B2DF-44B6-B30C-61890BC6E123}.Debug|Any CPU.ActiveCfg = Debug|iPhoneSimulator
		{7815B137-B2DF-44B6-B30C-61890BC6E123}.Debug|Any CPU.Build.0 = Debug|iPhoneSimulator
		{7815B137-B2DF-44B6-B30C-61890BC6E123}.Debug|Any CPU.Deploy.0 = Debug|iPhoneSimulator
		{7815B137-B2DF-44B6-B30C-61890BC6E123}.Debug|iPhone.ActiveCfg = Debug|iPhone
		{7815B137-B2DF-44B6-B30C-61890BC6E123}.Debug|iPhone.Build.0 = Debug|iPhone
		{7815B137-B2DF-44B6-B30C-61890BC6E123}.Debug|iPhone.Deploy.0 = Debug|iPhone
		{7815B137-B2DF-44B6-B30C-61890BC6E123}.Debug|iPhoneSimulator.ActiveCfg = Debug|iPhoneSimulator
		{7815B137-B2DF-44B6-B30C-61890BC6E123}.Debug|iPhoneSimulator.Build.0 = Debug|iPhoneSimulator
		{7815B137-B2DF-44B6-B30C-61890BC6E123}.Debug|iPhoneSimulator.Deploy.0 = Debug|iPhoneSimulator
		{7815B137-B2DF-44B6-B30C-61890BC6E123}.Release|Any CPU.ActiveCfg = Release|iPhone
		{7815B137-B2DF-44B6-B30C-61890BC6E123}.Release|Any CPU.Build.0 = Release|iPhone
		{7815B137-B2DF-44B6-B30C-61890BC6E123}.Release|Any CPU.Deploy.0 = Release|iPhone
		{7815B137-B2DF-44B6-B30C-61890BC6E123}.Release|iPhone.ActiveCfg = Release|iPhone
		{7815B137-B2DF-44B6-B30C-61890BC6E123}.Release|iPhone.Build.0 = Release|iPhone
		{7815B137-B2DF-44B6-B30C-61890BC6E123}.Release|iPhone.Deploy.0 = Release|iPhone
		{7815B137-B2DF-44B6-B30C-61890BC6E123}.Release|iPhoneSimulator.ActiveCfg = Release|iPhoneSimulator
		{7815B137-B2DF-44B6-B30C-61890BC6E123}.Release|iPhoneSimulator.Build.0 = Release|iPhoneSimulator
		{7815B137-B2DF-44B6-B30C-61890BC6E123}.Release|iPhoneSimulator.Deploy.0 = Release|iPhoneSimulator
		{334AB096-81F2-4FD5-B732-046980C7F938}.Debug|Any CPU.ActiveCfg = Debug|Any CPU
		{334AB096-81F2-4FD5-B732-046980C7F938}.Debug|Any CPU.Build.0 = Debug|Any CPU
		{334AB096-81F2-4FD5-B732-046980C7F938}.Debug|Any CPU.Deploy.0 = Debug|Any CPU
		{334AB096-81F2-4FD5-B732-046980C7F938}.Debug|iPhone.ActiveCfg = Debug|Any CPU
		{334AB096-81F2-4FD5-B732-046980C7F938}.Debug|iPhone.Build.0 = Debug|Any CPU
		{334AB096-81F2-4FD5-B732-046980C7F938}.Debug|iPhone.Deploy.0 = Debug|Any CPU
		{334AB096-81F2-4FD5-B732-046980C7F938}.Debug|iPhoneSimulator.ActiveCfg = Debug|Any CPU
		{334AB096-81F2-4FD5-B732-046980C7F938}.Debug|iPhoneSimulator.Build.0 = Debug|Any CPU
		{334AB096-81F2-4FD5-B732-046980C7F938}.Debug|iPhoneSimulator.Deploy.0 = Debug|Any CPU
		{334AB096-81F2-4FD5-B732-046980C7F938}.Release|Any CPU.ActiveCfg = Release|Any CPU
		{334AB096-81F2-4FD5-B732-046980C7F938}.Release|Any CPU.Build.0 = Release|Any CPU
		{334AB096-81F2-4FD5-B732-046980C7F938}.Release|Any CPU.Deploy.0 = Release|Any CPU
		{334AB096-81F2-4FD5-B732-046980C7F938}.Release|iPhone.ActiveCfg = Release|Any CPU
		{334AB096-81F2-4FD5-B732-046980C7F938}.Release|iPhone.Build.0 = Release|Any CPU
		{334AB096-81F2-4FD5-B732-046980C7F938}.Release|iPhone.Deploy.0 = Release|Any CPU
		{334AB096-81F2-4FD5-B732-046980C7F938}.Release|iPhoneSimulator.ActiveCfg = Release|Any CPU
		{334AB096-81F2-4FD5-B732-046980C7F938}.Release|iPhoneSimulator.Build.0 = Release|Any CPU
		{334AB096-81F2-4FD5-B732-046980C7F938}.Release|iPhoneSimulator.Deploy.0 = Release|Any CPU
	EndGlobalSection
	GlobalSection(SolutionProperties) = preSolution
		HideSolutionNode = FALSE
	EndGlobalSection
	GlobalSection(ExtensibilityGlobals) = postSolution
		SolutionGuid = {F7FB14C5-047D-4C4D-A99F-3C28939F0560}
	EndGlobalSection
EndGlobal
