
Microsoft Visual Studio Solution File, Format Version 12.00
# Visual Studio Version 16
VisualStudioVersion = 16.0.28803.202
MinimumVisualStudioVersion = 10.0.40219.1
Project("{FAE04EC0-301F-11D3-BF4B-00C04F79EFBC}") = "GoogleCalendarExporter.Android", "GoogleCalendarExporter.Android\GoogleCalendarExporter.Android.csproj", "{2AFE30FB-EAF3-4598-92CB-8A7E48D6494A}"
EndProject
Global
	GlobalSection(SolutionConfigurationPlatforms) = preSolution
		Debug|Any CPU = Debug|Any CPU
		Release|Any CPU = Release|Any CPU
	EndGlobalSection
	GlobalSection(ProjectConfigurationPlatforms) = postSolution
		{2AFE30FB-EAF3-4598-92CB-8A7E48D6494A}.Debug|Any CPU.ActiveCfg = Debug|Any CPU
		{2AFE30FB-EAF3-4598-92CB-8A7E48D6494A}.Debug|Any CPU.Build.0 = Debug|Any CPU
		{2AFE30FB-EAF3-4598-92CB-8A7E48D6494A}.Release|Any CPU.ActiveCfg = Release|Any CPU
		{2AFE30FB-EAF3-4598-92CB-8A7E48D6494A}.Release|Any CPU.Build.0 = Release|Any CPU
	EndGlobalSection
	GlobalSection(SolutionProperties) = preSolution
		HideSolutionNode = FALSE
	EndGlobalSection
	GlobalSection(ExtensibilityGlobals) = postSolution
		SolutionGuid = {2D1E1424-454E-411E-BE26-0CC0ACB1F6E1}
	EndGlobalSection
EndGlobal
