
Microsoft Visual Studio Solution File, Format Version 12.00
# Visual Studio Version 16
VisualStudioVersion = 16.0.28803.202
MinimumVisualStudioVersion = 10.0.40219.1
Project("{FAE04EC0-301F-11D3-BF4B-00C04F79EFBC}") = "GoogleCalendar.Android", "GoogleCalendar\GoogleCalendar.Android\GoogleCalendar.Android.csproj", "{20C7D6A6-3C31-4D62-AE75-143B43695234}"
EndProject
Project("{FAE04EC0-301F-11D3-BF4B-00C04F79EFBC}") = "GoogleCalendar.iOS", "GoogleCalendar\GoogleCalendar.iOS\GoogleCalendar.iOS.csproj", "{4677CB9A-35A6-495F-AC80-471B16E32CE8}"
EndProject
Project("{FAE04EC0-301F-11D3-BF4B-00C04F79EFBC}") = "GoogleCalendar", "GoogleCalendar\GoogleCalendar\GoogleCalendar.csproj", "{0E354D10-4F4C-4CC3-896D-8BC897094FEB}"
EndProject
Global
	GlobalSection(SolutionConfigurationPlatforms) = preSolution
		Debug|Any CPU = Debug|Any CPU
		Debug|iPhone = Debug|iPhone
		Debug|iPhoneSimulator = Debug|iPhoneSimulator
		Release|Any CPU = Release|Any CPU
		Release|iPhone = Release|iPhone
		Release|iPhoneSimulator = Release|iPhoneSimulator
	EndGlobalSection
	GlobalSection(ProjectConfigurationPlatforms) = postSolution
		{20C7D6A6-3C31-4D62-AE75-143B43695234}.Debug|Any CPU.ActiveCfg = Debug|Any CPU
		{20C7D6A6-3C31-4D62-AE75-143B43695234}.Debug|Any CPU.Build.0 = Debug|Any CPU
		{20C7D6A6-3C31-4D62-AE75-143B43695234}.Debug|Any CPU.Deploy.0 = Debug|Any CPU
		{20C7D6A6-3C31-4D62-AE75-143B43695234}.Debug|iPhone.ActiveCfg = Debug|Any CPU
		{20C7D6A6-3C31-4D62-AE75-143B43695234}.Debug|iPhone.Build.0 = Debug|Any CPU
		{20C7D6A6-3C31-4D62-AE75-143B43695234}.Debug|iPhone.Deploy.0 = Debug|Any CPU
		{20C7D6A6-3C31-4D62-AE75-143B43695234}.Debug|iPhoneSimulator.ActiveCfg = Debug|Any CPU
		{20C7D6A6-3C31-4D62-AE75-143B43695234}.Debug|iPhoneSimulator.Build.0 = Debug|Any CPU
		{20C7D6A6-3C31-4D62-AE75-143B43695234}.Debug|iPhoneSimulator.Deploy.0 = Debug|Any CPU
		{20C7D6A6-3C31-4D62-AE75-143B43695234}.Release|Any CPU.ActiveCfg = Release|Any CPU
		{20C7D6A6-3C31-4D62-AE75-143B43695234}.Release|Any CPU.Build.0 = Release|Any CPU
		{20C7D6A6-3C31-4D62-AE75-143B43695234}.Release|Any CPU.Deploy.0 = Release|Any CPU
		{20C7D6A6-3C31-4D62-AE75-143B43695234}.Release|iPhone.ActiveCfg = Release|Any CPU
		{20C7D6A6-3C31-4D62-AE75-143B43695234}.Release|iPhone.Build.0 = Release|Any CPU
		{20C7D6A6-3C31-4D62-AE75-143B43695234}.Release|iPhone.Deploy.0 = Release|Any CPU
		{20C7D6A6-3C31-4D62-AE75-143B43695234}.Release|iPhoneSimulator.ActiveCfg = Release|Any CPU
		{20C7D6A6-3C31-4D62-AE75-143B43695234}.Release|iPhoneSimulator.Build.0 = Release|Any CPU
		{20C7D6A6-3C31-4D62-AE75-143B43695234}.Release|iPhoneSimulator.Deploy.0 = Release|Any CPU
		{4677CB9A-35A6-495F-AC80-471B16E32CE8}.Debug|Any CPU.ActiveCfg = Debug|iPhoneSimulator
		{4677CB9A-35A6-495F-AC80-471B16E32CE8}.Debug|Any CPU.Build.0 = Debug|iPhoneSimulator
		{4677CB9A-35A6-495F-AC80-471B16E32CE8}.Debug|Any CPU.Deploy.0 = Debug|iPhoneSimulator
		{4677CB9A-35A6-495F-AC80-471B16E32CE8}.Debug|iPhone.ActiveCfg = Debug|iPhone
		{4677CB9A-35A6-495F-AC80-471B16E32CE8}.Debug|iPhone.Build.0 = Debug|iPhone
		{4677CB9A-35A6-495F-AC80-471B16E32CE8}.Debug|iPhone.Deploy.0 = Debug|iPhone
		{4677CB9A-35A6-495F-AC80-471B16E32CE8}.Debug|iPhoneSimulator.ActiveCfg = Debug|iPhoneSimulator
		{4677CB9A-35A6-495F-AC80-471B16E32CE8}.Debug|iPhoneSimulator.Build.0 = Debug|iPhoneSimulator
		{4677CB9A-35A6-495F-AC80-471B16E32CE8}.Debug|iPhoneSimulator.Deploy.0 = Debug|iPhoneSimulator
		{4677CB9A-35A6-495F-AC80-471B16E32CE8}.Release|Any CPU.ActiveCfg = Release|iPhone
		{4677CB9A-35A6-495F-AC80-471B16E32CE8}.Release|Any CPU.Build.0 = Release|iPhone
		{4677CB9A-35A6-495F-AC80-471B16E32CE8}.Release|Any CPU.Deploy.0 = Release|iPhone
		{4677CB9A-35A6-495F-AC80-471B16E32CE8}.Release|iPhone.ActiveCfg = Release|iPhone
		{4677CB9A-35A6-495F-AC80-471B16E32CE8}.Release|iPhone.Build.0 = Release|iPhone
		{4677CB9A-35A6-495F-AC80-471B16E32CE8}.Release|iPhone.Deploy.0 = Release|iPhone
		{4677CB9A-35A6-495F-AC80-471B16E32CE8}.Release|iPhoneSimulator.ActiveCfg = Release|iPhoneSimulator
		{4677CB9A-35A6-495F-AC80-471B16E32CE8}.Release|iPhoneSimulator.Build.0 = Release|iPhoneSimulator
		{4677CB9A-35A6-495F-AC80-471B16E32CE8}.Release|iPhoneSimulator.Deploy.0 = Release|iPhoneSimulator
		{0E354D10-4F4C-4CC3-896D-8BC897094FEB}.Debug|Any CPU.ActiveCfg = Debug|Any CPU
		{0E354D10-4F4C-4CC3-896D-8BC897094FEB}.Debug|Any CPU.Build.0 = Debug|Any CPU
		{0E354D10-4F4C-4CC3-896D-8BC897094FEB}.Debug|Any CPU.Deploy.0 = Debug|Any CPU
		{0E354D10-4F4C-4CC3-896D-8BC897094FEB}.Debug|iPhone.ActiveCfg = Debug|Any CPU
		{0E354D10-4F4C-4CC3-896D-8BC897094FEB}.Debug|iPhone.Build.0 = Debug|Any CPU
		{0E354D10-4F4C-4CC3-896D-8BC897094FEB}.Debug|iPhone.Deploy.0 = Debug|Any CPU
		{0E354D10-4F4C-4CC3-896D-8BC897094FEB}.Debug|iPhoneSimulator.ActiveCfg = Debug|Any CPU
		{0E354D10-4F4C-4CC3-896D-8BC897094FEB}.Debug|iPhoneSimulator.Build.0 = Debug|Any CPU
		{0E354D10-4F4C-4CC3-896D-8BC897094FEB}.Debug|iPhoneSimulator.Deploy.0 = Debug|Any CPU
		{0E354D10-4F4C-4CC3-896D-8BC897094FEB}.Release|Any CPU.ActiveCfg = Release|Any CPU
		{0E354D10-4F4C-4CC3-896D-8BC897094FEB}.Release|Any CPU.Build.0 = Release|Any CPU
		{0E354D10-4F4C-4CC3-896D-8BC897094FEB}.Release|Any CPU.Deploy.0 = Release|Any CPU
		{0E354D10-4F4C-4CC3-896D-8BC897094FEB}.Release|iPhone.ActiveCfg = Release|Any CPU
		{0E354D10-4F4C-4CC3-896D-8BC897094FEB}.Release|iPhone.Build.0 = Release|Any CPU
		{0E354D10-4F4C-4CC3-896D-8BC897094FEB}.Release|iPhone.Deploy.0 = Release|Any CPU
		{0E354D10-4F4C-4CC3-896D-8BC897094FEB}.Release|iPhoneSimulator.ActiveCfg = Release|Any CPU
		{0E354D10-4F4C-4CC3-896D-8BC897094FEB}.Release|iPhoneSimulator.Build.0 = Release|Any CPU
		{0E354D10-4F4C-4CC3-896D-8BC897094FEB}.Release|iPhoneSimulator.Deploy.0 = Release|Any CPU
	EndGlobalSection
	GlobalSection(SolutionProperties) = preSolution
		HideSolutionNode = FALSE
	EndGlobalSection
	GlobalSection(ExtensibilityGlobals) = postSolution
		SolutionGuid = {893111DA-2214-4BAF-9DF0-FE18BE7A253C}
	EndGlobalSection
EndGlobal
